
Microsoft Visual Studio Solution File, Format Version 12.00
# Visual Studio Version 16
VisualStudioVersion = 16.0.30204.135
MinimumVisualStudioVersion = 10.0.40219.1
Project("{FAE04EC0-301F-11D3-BF4B-00C04F79EFBC}") = "MockProjectSolution.WebApp", "MockProjectSolution.WebApp\MockProjectSolution.WebApp.csproj", "{AE8CADCD-27A8-4E80-B330-17151B551F28}"
EndProject
Global
	GlobalSection(SolutionConfigurationPlatforms) = preSolution
		Debug|Any CPU = Debug|Any CPU
		Release|Any CPU = Release|Any CPU
	EndGlobalSection
	GlobalSection(ProjectConfigurationPlatforms) = postSolution
		{AE8CADCD-27A8-4E80-B330-17151B551F28}.Debug|Any CPU.ActiveCfg = Debug|Any CPU
		{AE8CADCD-27A8-4E80-B330-17151B551F28}.Debug|Any CPU.Build.0 = Debug|Any CPU
		{AE8CADCD-27A8-4E80-B330-17151B551F28}.Release|Any CPU.ActiveCfg = Release|Any CPU
		{AE8CADCD-27A8-4E80-B330-17151B551F28}.Release|Any CPU.Build.0 = Release|Any CPU
	EndGlobalSection
	GlobalSection(SolutionProperties) = preSolution
		HideSolutionNode = FALSE
	EndGlobalSection
	GlobalSection(ExtensibilityGlobals) = postSolution
		SolutionGuid = {8933636A-36BA-4815-A335-8DC46C9520E2}
	EndGlobalSection
EndGlobal
